
Microsoft Visual Studio Solution File, Format Version 12.00
# Visual Studio 2012
Project("{8BC9CEB8-8B4A-11D0-8D11-00A0C91BC942}") = "stringDMA", "stringDMA\stringDMA.vcxproj", "{C8CAD5E5-AE40-4EE5-BE88-83199AADA335}"
EndProject
Global
	GlobalSection(SolutionConfigurationPlatforms) = preSolution
		Debug|Win32 = Debug|Win32
		Release|Win32 = Release|Win32
	EndGlobalSection
	GlobalSection(ProjectConfigurationPlatforms) = postSolution
		{C8CAD5E5-AE40-4EE5-BE88-83199AADA335}.Debug|Win32.ActiveCfg = Debug|Win32
		{C8CAD5E5-AE40-4EE5-BE88-83199AADA335}.Debug|Win32.Build.0 = Debug|Win32
		{C8CAD5E5-AE40-4EE5-BE88-83199AADA335}.Release|Win32.ActiveCfg = Release|Win32
		{C8CAD5E5-AE40-4EE5-BE88-83199AADA335}.Release|Win32.Build.0 = Release|Win32
	EndGlobalSection
	GlobalSection(SolutionProperties) = preSolution
		HideSolutionNode = FALSE
	EndGlobalSection
EndGlobal
